
Microsoft Visual Studio Solution File, Format Version 12.00
# Visual Studio 15
VisualStudioVersion = 15.0.28010.2026
MinimumVisualStudioVersion = 10.0.40219.1
Project("{8BC9CEB8-8B4A-11D0-8D11-00A0C91BC942}") = "Vulkan Thesis", "Vulkan Thesis\Vulkan Thesis.vcxproj", "{B31F3AFB-51F2-4CE1-BD43-E96F9369482A}"
EndProject
Global
	GlobalSection(SolutionConfigurationPlatforms) = preSolution
		Debug|x64 = Debug|x64
		Debug|x86 = Debug|x86
		Release|x64 = Release|x64
		Release|x86 = Release|x86
	EndGlobalSection
	GlobalSection(ProjectConfigurationPlatforms) = postSolution
		{B31F3AFB-51F2-4CE1-BD43-E96F9369482A}.Debug|x64.ActiveCfg = Debug|x64
		{B31F3AFB-51F2-4CE1-BD43-E96F9369482A}.Debug|x64.Build.0 = Debug|x64
		{B31F3AFB-51F2-4CE1-BD43-E96F9369482A}.Debug|x86.ActiveCfg = Debug|Win32
		{B31F3AFB-51F2-4CE1-BD43-E96F9369482A}.Debug|x86.Build.0 = Debug|Win32
		{B31F3AFB-51F2-4CE1-BD43-E96F9369482A}.Release|x64.ActiveCfg = Release|x64
		{B31F3AFB-51F2-4CE1-BD43-E96F9369482A}.Release|x64.Build.0 = Release|x64
		{B31F3AFB-51F2-4CE1-BD43-E96F9369482A}.Release|x86.ActiveCfg = Release|Win32
		{B31F3AFB-51F2-4CE1-BD43-E96F9369482A}.Release|x86.Build.0 = Release|Win32
	EndGlobalSection
	GlobalSection(SolutionProperties) = preSolution
		HideSolutionNode = FALSE
	EndGlobalSection
	GlobalSection(ExtensibilityGlobals) = postSolution
		SolutionGuid = {A3E87E1E-F03F-40E3-A051-48AD843EE552}
	EndGlobalSection
EndGlobal
